
Microsoft Visual Studio Solution File, Format Version 12.00
# Visual Studio Version 16
VisualStudioVersion = 16.0.31410.357
MinimumVisualStudioVersion = 10.0.40219.1
Project("{FAE04EC0-301F-11D3-BF4B-00C04F79EFBC}") = "PasswordMangerWindowsForm", "PasswordMangerWindowsForm\PasswordMangerWindowsForm.csproj", "{107A82FC-A21C-478D-9369-0E6ABC93F822}"
EndProject
Global
	GlobalSection(SolutionConfigurationPlatforms) = preSolution
		Debug|Any CPU = Debug|Any CPU
		Release|Any CPU = Release|Any CPU
	EndGlobalSection
	GlobalSection(ProjectConfigurationPlatforms) = postSolution
		{107A82FC-A21C-478D-9369-0E6ABC93F822}.Debug|Any CPU.ActiveCfg = Debug|Any CPU
		{107A82FC-A21C-478D-9369-0E6ABC93F822}.Debug|Any CPU.Build.0 = Debug|Any CPU
		{107A82FC-A21C-478D-9369-0E6ABC93F822}.Release|Any CPU.ActiveCfg = Release|Any CPU
		{107A82FC-A21C-478D-9369-0E6ABC93F822}.Release|Any CPU.Build.0 = Release|Any CPU
	EndGlobalSection
	GlobalSection(SolutionProperties) = preSolution
		HideSolutionNode = FALSE
	EndGlobalSection
	GlobalSection(ExtensibilityGlobals) = postSolution
		SolutionGuid = {C88CD9F0-06C8-44B5-A1FB-1B865E2CCCDA}
	EndGlobalSection
EndGlobal
